# THIS IS AN AUTOGENERATED FILE. DO NOT EDIT THIS FILE DIRECTLY.
# yarn lockfile v1


ef@^0.0.3:
  version "0.0.3"
  resolved "https://registry.yarnpkg.com/ef/-/ef-0.0.3.tgz#3666766ec93fb7e883d1f79a1b6268df8ca4a8fe"
  integrity sha1-NmZ2bsk/t+iD0feaG2Jo34ykqP4=
  dependencies:
    fn-arity "0.0.1"

fn-arity@0.0.1:
  version "0.0.1"
  resolved "https://registry.yarnpkg.com/fn-arity/-/fn-arity-0.0.1.tgz#3fb44cf23de60282c1771aa5283713bc4d873be5"
  integrity sha1-P7RM8j3mAoLBdxqlKDcTvE2HO+U=
